
Microsoft Visual Studio Solution File, Format Version 12.00
# Visual Studio Version 16
VisualStudioVersion = 16.0.29613.14
MinimumVisualStudioVersion = 10.0.40219.1
Project("{9A19103F-16F7-4668-BE54-9A1E7A4F7556}") = "WIMS-TeamTK", "WIMS-TeamTK\WIMS-TeamTK.csproj", "{9DDD43CB-94EA-4372-AE17-177D60F953C5}"
EndProject
Project("{FAE04EC0-301F-11D3-BF4B-00C04F79EFBC}") = "WIMS-UnitTests", "WIMS-UnitTests\WIMS-UnitTests.csproj", "{B9331454-1090-4575-B31C-9EF09734BFF3}"
EndProject
Global
	GlobalSection(SolutionConfigurationPlatforms) = preSolution
		Debug|Any CPU = Debug|Any CPU
		Release|Any CPU = Release|Any CPU
	EndGlobalSection
	GlobalSection(ProjectConfigurationPlatforms) = postSolution
		{9DDD43CB-94EA-4372-AE17-177D60F953C5}.Debug|Any CPU.ActiveCfg = Debug|Any CPU
		{9DDD43CB-94EA-4372-AE17-177D60F953C5}.Debug|Any CPU.Build.0 = Debug|Any CPU
		{9DDD43CB-94EA-4372-AE17-177D60F953C5}.Release|Any CPU.ActiveCfg = Release|Any CPU
		{9DDD43CB-94EA-4372-AE17-177D60F953C5}.Release|Any CPU.Build.0 = Release|Any CPU
		{B9331454-1090-4575-B31C-9EF09734BFF3}.Debug|Any CPU.ActiveCfg = Debug|Any CPU
		{B9331454-1090-4575-B31C-9EF09734BFF3}.Debug|Any CPU.Build.0 = Debug|Any CPU
		{B9331454-1090-4575-B31C-9EF09734BFF3}.Release|Any CPU.ActiveCfg = Release|Any CPU
		{B9331454-1090-4575-B31C-9EF09734BFF3}.Release|Any CPU.Build.0 = Release|Any CPU
	EndGlobalSection
	GlobalSection(SolutionProperties) = preSolution
		HideSolutionNode = FALSE
	EndGlobalSection
	GlobalSection(ExtensibilityGlobals) = postSolution
		SolutionGuid = {E9748A55-6792-472C-BADC-C81DD48920F9}
	EndGlobalSection
EndGlobal
